
Microsoft Visual Studio Solution File, Format Version 11.00
# Visual Studio 2010
Project("{FAE04EC0-301F-11D3-BF4B-00C04F79EFBC}") = "12306Helper", "12306Helper.csproj", "{3890ADE8-8E84-479A-97D5-00D6CECA993C}"
EndProject
Global
	GlobalSection(SolutionConfigurationPlatforms) = preSolution
		Debug|Any CPU = Debug|Any CPU
		Release|Any CPU = Release|Any CPU
	EndGlobalSection
	GlobalSection(ProjectConfigurationPlatforms) = postSolution
		{3890ADE8-8E84-479A-97D5-00D6CECA993C}.Debug|Any CPU.ActiveCfg = Debug|Any CPU
		{3890ADE8-8E84-479A-97D5-00D6CECA993C}.Debug|Any CPU.Build.0 = Debug|Any CPU
		{3890ADE8-8E84-479A-97D5-00D6CECA993C}.Release|Any CPU.ActiveCfg = Release|Any CPU
		{3890ADE8-8E84-479A-97D5-00D6CECA993C}.Release|Any CPU.Build.0 = Release|Any CPU
	EndGlobalSection
	GlobalSection(SolutionProperties) = preSolution
		HideSolutionNode = FALSE
	EndGlobalSection
EndGlobal
